// !$*UTF8*$!
{
	archiveVersion = 1;
	classes = {
	};
	objectVersion = 50;
	objects = {

/* Begin PBXBuildFile section */
		4642E65D2671211200BED6A8 /* TaskListModel.swift in Sources */ = {isa = PBXBuildFile; fileRef = 4642E65C2671211200BED6A8 /* TaskListModel.swift */; };
		464FD1DD26711A90004E4954 /* Task+CoreDataClass.swift in Sources */ = {isa = PBXBuildFile; fileRef = 464FD1DB26711A90004E4954 /* Task+CoreDataClass.swift */; };
		464FD1DE26711A90004E4954 /* Task+CoreDataProperties.swift in Sources */ = {isa = PBXBuildFile; fileRef = 464FD1DC26711A90004E4954 /* Task+CoreDataProperties.swift */; };
		46515E4C266FF6A500202122 /* AppDelegate.swift in Sources */ = {isa = PBXBuildFile; fileRef = 46515E4B266FF6A500202122 /* AppDelegate.swift */; };
		46515E4E266FF6A500202122 /* SceneDelegate.swift in Sources */ = {isa = PBXBuildFile; fileRef = 46515E4D266FF6A500202122 /* SceneDelegate.swift */; };
		46515E50266FF6A500202122 /* ViewController.swift in Sources */ = {isa = PBXBuildFile; fileRef = 46515E4F266FF6A500202122 /* ViewController.swift */; };
		46515E53266FF6A500202122 /* Main.storyboard in Resources */ = {isa = PBXBuildFile; fileRef = 46515E51266FF6A500202122 /* Main.storyboard */; };
		46515E56266FF6A500202122 /* ToDoApp.xcdatamodeld in Sources */ = {isa = PBXBuildFile; fileRef = 46515E54266FF6A500202122 /* ToDoApp.xcdatamodeld */; };
		46515E58266FF6A600202122 /* Assets.xcassets in Resources */ = {isa = PBXBuildFile; fileRef = 46515E57266FF6A600202122 /* Assets.xcassets */; };
		46515E5B266FF6A600202122 /* LaunchScreen.storyboard in Resources */ = {isa = PBXBuildFile; fileRef = 46515E59266FF6A600202122 /* LaunchScreen.storyboard */; };
		46515E65266FF6E200202122 /* TaskListViewController.swift in Sources */ = {isa = PBXBuildFile; fileRef = 46515E64266FF6E200202122 /* TaskListViewController.swift */; };
		46515E6A266FF83400202122 /* Extension.swift in Sources */ = {isa = PBXBuildFile; fileRef = 46515E69266FF83400202122 /* Extension.swift */; };
		46515E71266FF9E900202122 /* TaskTableViewCell.swift in Sources */ = {isa = PBXBuildFile; fileRef = 46515E6F266FF9E900202122 /* TaskTableViewCell.swift */; };
		46515E72266FF9E900202122 /* TaskTableViewCell.xib in Resources */ = {isa = PBXBuildFile; fileRef = 46515E70266FF9E900202122 /* TaskTableViewCell.xib */; };
		4670E04526707D080060A429 /* PersisttancyManager.swift in Sources */ = {isa = PBXBuildFile; fileRef = 4670E04426707D080060A429 /* PersisttancyManager.swift */; };
		4670E04E267086C10060A429 /* TaskListViewModel.swift in Sources */ = {isa = PBXBuildFile; fileRef = 4670E04D267086C10060A429 /* TaskListViewModel.swift */; };
/* End PBXBuildFile section */

/* Begin PBXFileReference section */
		4642E65C2671211200BED6A8 /* TaskListModel.swift */ = {isa = PBXFileReference; lastKnownFileType = sourcecode.swift; path = TaskListModel.swift; sourceTree = "<group>"; };
		464FD1DB26711A90004E4954 /* Task+CoreDataClass.swift */ = {isa = PBXFileReference; lastKnownFileType = sourcecode.swift; path = "Task+CoreDataClass.swift"; sourceTree = "<group>"; };
		464FD1DC26711A90004E4954 /* Task+CoreDataProperties.swift */ = {isa = PBXFileReference; lastKnownFileType = sourcecode.swift; path = "Task+CoreDataProperties.swift"; sourceTree = "<group>"; };
		46515E48266FF6A500202122 /* ToDoApp.app */ = {isa = PBXFileReference; explicitFileType = wrapper.application; includeInIndex = 0; path = ToDoApp.app; sourceTree = BUILT_PRODUCTS_DIR; };
		46515E4B266FF6A500202122 /* AppDelegate.swift */ = {isa = PBXFileReference; lastKnownFileType = sourcecode.swift; path = AppDelegate.swift; sourceTree = "<group>"; };
		46515E4D266FF6A500202122 /* SceneDelegate.swift */ = {isa = PBXFileReference; lastKnownFileType = sourcecode.swift; path = SceneDelegate.swift; sourceTree = "<group>"; };
		46515E4F266FF6A500202122 /* ViewController.swift */ = {isa = PBXFileReference; lastKnownFileType = sourcecode.swift; path = ViewController.swift; sourceTree = "<group>"; };
		46515E52266FF6A500202122 /* Base */ = {isa = PBXFileReference; lastKnownFileType = file.storyboard; name = Base; path = Base.lproj/Main.storyboard; sourceTree = "<group>"; };
		46515E55266FF6A500202122 /* ToDoApp.xcdatamodel */ = {isa = PBXFileReference; lastKnownFileType = wrapper.xcdatamodel; path = ToDoApp.xcdatamodel; sourceTree = "<group>"; };
		46515E57266FF6A600202122 /* Assets.xcassets */ = {isa = PBXFileReference; lastKnownFileType = folder.assetcatalog; path = Assets.xcassets; sourceTree = "<group>"; };
		46515E5A266FF6A600202122 /* Base */ = {isa = PBXFileReference; lastKnownFileType = file.storyboard; name = Base; path = Base.lproj/LaunchScreen.storyboard; sourceTree = "<group>"; };
		46515E5C266FF6A600202122 /* Info.plist */ = {isa = PBXFileReference; lastKnownFileType = text.plist.xml; path = Info.plist; sourceTree = "<group>"; };
		46515E64266FF6E200202122 /* TaskListViewController.swift */ = {isa = PBXFileReference; lastKnownFileType = sourcecode.swift; path = TaskListViewController.swift; sourceTree = "<group>"; };
		46515E69266FF83400202122 /* Extension.swift */ = {isa = PBXFileReference; lastKnownFileType = sourcecode.swift; path = Extension.swift; sourceTree = "<group>"; };
		46515E6F266FF9E900202122 /* TaskTableViewCell.swift */ = {isa = PBXFileReference; lastKnownFileType = sourcecode.swift; path = TaskTableViewCell.swift; sourceTree = "<group>"; };
		46515E70266FF9E900202122 /* TaskTableViewCell.xib */ = {isa = PBXFileReference; lastKnownFileType = file.xib; path = TaskTableViewCell.xib; sourceTree = "<group>"; };
		4670E04426707D080060A429 /* PersisttancyManager.swift */ = {isa = PBXFileReference; lastKnownFileType = sourcecode.swift; path = PersisttancyManager.swift; sourceTree = "<group>"; };
		4670E04D267086C10060A429 /* TaskListViewModel.swift */ = {isa = PBXFileReference; lastKnownFileType = sourcecode.swift; path = TaskListViewModel.swift; sourceTree = "<group>"; };
/* End PBXFileReference section */

/* Begin PBXFrameworksBuildPhase section */
		46515E45266FF6A500202122 /* Frameworks */ = {
			isa = PBXFrameworksBuildPhase;
			buildActionMask = 2147483647;
			files = (
			);
			runOnlyForDeploymentPostprocessing = 0;
		};
/* End PBXFrameworksBuildPhase section */

/* Begin PBXGroup section */
		46515E3F266FF6A500202122 = {
			isa = PBXGroup;
			children = (
				46515E4A266FF6A500202122 /* ToDoApp */,
				46515E49266FF6A500202122 /* Products */,
			);
			sourceTree = "<group>";
		};
		46515E49266FF6A500202122 /* Products */ = {
			isa = PBXGroup;
			children = (
				46515E48266FF6A500202122 /* ToDoApp.app */,
			);
			name = Products;
			sourceTree = "<group>";
		};
		46515E4A266FF6A500202122 /* ToDoApp */ = {
			isa = PBXGroup;
			children = (
				46515E4B266FF6A500202122 /* AppDelegate.swift */,
				46515E4D266FF6A500202122 /* SceneDelegate.swift */,
				46515E4F266FF6A500202122 /* ViewController.swift */,
				4670E04C267086AC0060A429 /* ViewModel */,
				4670E04026707C590060A429 /* Model */,
				46515E6E266FF9C500202122 /* View */,
				46515E68266FF81900202122 /* Utils */,
				46515E63266FF6BF00202122 /* Controller */,
				46515E51266FF6A500202122 /* Main.storyboard */,
				46515E57266FF6A600202122 /* Assets.xcassets */,
				46515E59266FF6A600202122 /* LaunchScreen.storyboard */,
				46515E5C266FF6A600202122 /* Info.plist */,
				46515E54266FF6A500202122 /* ToDoApp.xcdatamodeld */,
			);
			path = ToDoApp;
			sourceTree = "<group>";
		};
		46515E63266FF6BF00202122 /* Controller */ = {
			isa = PBXGroup;
			children = (
				46515E64266FF6E200202122 /* TaskListViewController.swift */,
			);
			path = Controller;
			sourceTree = "<group>";
		};
		46515E68266FF81900202122 /* Utils */ = {
			isa = PBXGroup;
			children = (
				46515E69266FF83400202122 /* Extension.swift */,
				4670E04426707D080060A429 /* PersisttancyManager.swift */,
			);
			path = Utils;
			sourceTree = "<group>";
		};
		46515E6E266FF9C500202122 /* View */ = {
			isa = PBXGroup;
			children = (
				46515E6F266FF9E900202122 /* TaskTableViewCell.swift */,
				46515E70266FF9E900202122 /* TaskTableViewCell.xib */,
			);
			path = View;
			sourceTree = "<group>";
		};
		4670E04026707C590060A429 /* Model */ = {
			isa = PBXGroup;
			children = (
				464FD1DB26711A90004E4954 /* Task+CoreDataClass.swift */,
				464FD1DC26711A90004E4954 /* Task+CoreDataProperties.swift */,
				4642E65C2671211200BED6A8 /* TaskListModel.swift */,
			);
			path = Model;
			sourceTree = "<group>";
		};
		4670E04C267086AC0060A429 /* ViewModel */ = {
			isa = PBXGroup;
			children = (
				4670E04D267086C10060A429 /* TaskListViewModel.swift */,
			);
			path = ViewModel;
			sourceTree = "<group>";
		};
/* End PBXGroup section */

/* Begin PBXNativeTarget section */
		46515E47266FF6A500202122 /* ToDoApp */ = {
			isa = PBXNativeTarget;
			buildConfigurationList = 46515E5F266FF6A600202122 /* Build configuration list for PBXNativeTarget "ToDoApp" */;
			buildPhases = (
				46515E44266FF6A500202122 /* Sources */,
				46515E45266FF6A500202122 /* Frameworks */,
				46515E46266FF6A500202122 /* Resources */,
			);
			buildRules = (
			);
			dependencies = (
			);
			name = ToDoApp;
			productName = ToDoApp;
			productReference = 46515E48266FF6A500202122 /* ToDoApp.app */;
			productType = "com.apple.product-type.application";
		};
/* End PBXNativeTarget section */

/* Begin PBXProject section */
		46515E40266FF6A500202122 /* Project object */ = {
			isa = PBXProject;
			attributes = {
				LastSwiftUpdateCheck = 1240;
				LastUpgradeCheck = 1240;
				TargetAttributes = {
					46515E47266FF6A500202122 = {
						CreatedOnToolsVersion = 12.4;
					};
				};
			};
			buildConfigurationList = 46515E43266FF6A500202122 /* Build configuration list for PBXProject "ToDoApp" */;
			compatibilityVersion = "Xcode 9.3";
			developmentRegion = en;
			hasScannedForEncodings = 0;
			knownRegions = (
				en,
				Base,
			);
			mainGroup = 46515E3F266FF6A500202122;
			productRefGroup = 46515E49266FF6A500202122 /* Products */;
			projectDirPath = "";
			projectRoot = "";
			targets = (
				46515E47266FF6A500202122 /* ToDoApp */,
			);
		};
/* End PBXProject section */

/* Begin PBXResourcesBuildPhase section */
		46515E46266FF6A500202122 /* Resources */ = {
			isa = PBXResourcesBuildPhase;
			buildActionMask = 2147483647;
			files = (
				46515E72266FF9E900202122 /* TaskTableViewCell.xib in Resources */,
				46515E5B266FF6A600202122 /* LaunchScreen.storyboard in Resources */,
				46515E58266FF6A600202122 /* Assets.xcassets in Resources */,
				46515E53266FF6A500202122 /* Main.storyboard in Resources */,
			);
			runOnlyForDeploymentPostprocessing = 0;
		};
/* End PBXResourcesBuildPhase section */

/* Begin PBXSourcesBuildPhase section */
		46515E44266FF6A500202122 /* Sources */ = {
			isa = PBXSourcesBuildPhase;
			buildActionMask = 2147483647;
			files = (
				4670E04526707D080060A429 /* PersisttancyManager.swift in Sources */,
				46515E71266FF9E900202122 /* TaskTableViewCell.swift in Sources */,
				46515E50266FF6A500202122 /* ViewController.swift in Sources */,
				46515E4C266FF6A500202122 /* AppDelegate.swift in Sources */,
				464FD1DE26711A90004E4954 /* Task+CoreDataProperties.swift in Sources */,
				46515E4E266FF6A500202122 /* SceneDelegate.swift in Sources */,
				4642E65D2671211200BED6A8 /* TaskListModel.swift in Sources */,
				46515E6A266FF83400202122 /* Extension.swift in Sources */,
				464FD1DD26711A90004E4954 /* Task+CoreDataClass.swift in Sources */,
				4670E04E267086C10060A429 /* TaskListViewModel.swift in Sources */,
				46515E56266FF6A500202122 /* ToDoApp.xcdatamodeld in Sources */,
				46515E65266FF6E200202122 /* TaskListViewController.swift in Sources */,
			);
			runOnlyForDeploymentPostprocessing = 0;
		};
/* End PBXSourcesBuildPhase section */

/* Begin PBXVariantGroup section */
		46515E51266FF6A500202122 /* Main.storyboard */ = {
			isa = PBXVariantGroup;
			children = (
				46515E52266FF6A500202122 /* Base */,
			);
			name = Main.storyboard;
			sourceTree = "<group>";
		};
		46515E59266FF6A600202122 /* LaunchScreen.storyboard */ = {
			isa = PBXVariantGroup;
			children = (
				46515E5A266FF6A600202122 /* Base */,
			);
			name = LaunchScreen.storyboard;
			sourceTree = "<group>";
		};
/* End PBXVariantGroup section */

/* Begin XCBuildConfiguration section */
		46515E5D266FF6A600202122 /* Debug */ = {
			isa = XCBuildConfiguration;
			buildSettings = {
				ALWAYS_SEARCH_USER_PATHS = NO;
				CLANG_ANALYZER_NONNULL = YES;
				CLANG_ANALYZER_NUMBER_OBJECT_CONVERSION = YES_AGGRESSIVE;
				CLANG_CXX_LANGUAGE_STANDARD = "gnu++14";
				CLANG_CXX_LIBRARY = "libc++";
				CLANG_ENABLE_MODULES = YES;
				CLANG_ENABLE_OBJC_ARC = YES;
				CLANG_ENABLE_OBJC_WEAK = YES;
				CLANG_WARN_BLOCK_CAPTURE_AUTORELEASING = YES;
				CLANG_WARN_BOOL_CONVERSION = YES;
				CLANG_WARN_COMMA = YES;
				CLANG_WARN_CONSTANT_CONVERSION = YES;
				CLANG_WARN_DEPRECATED_OBJC_IMPLEMENTATIONS = YES;
				CLANG_WARN_DIRECT_OBJC_ISA_USAGE = YES_ERROR;
				CLANG_WARN_DOCUMENTATION_COMMENTS = YES;
				CLANG_WARN_EMPTY_BODY = YES;
				CLANG_WARN_ENUM_CONVERSION = YES;
				CLANG_WARN_INFINITE_RECURSION = YES;
				CLANG_WARN_INT_CONVERSION = YES;
				CLANG_WARN_NON_LITERAL_NULL_CONVERSION = YES;
				CLANG_WARN_OBJC_IMPLICIT_RETAIN_SELF = YES;
				CLANG_WARN_OBJC_LITERAL_CONVERSION = YES;
				CLANG_WARN_OBJC_ROOT_CLASS = YES_ERROR;
				CLANG_WARN_QUOTED_INCLUDE_IN_FRAMEWORK_HEADER = YES;
				CLANG_WARN_RANGE_LOOP_ANALYSIS = YES;
				CLANG_WARN_STRICT_PROTOTYPES = YES;
				CLANG_WARN_SUSPICIOUS_MOVE = YES;
				CLANG_WARN_UNGUARDED_AVAILABILITY = YES_AGGRESSIVE;
				CLANG_WARN_UNREACHABLE_CODE = YES;
				CLANG_WARN__DUPLICATE_METHOD_MATCH = YES;
				COPY_PHASE_STRIP = NO;
				DEBUG_INFORMATION_FORMAT = dwarf;
				ENABLE_STRICT_OBJC_MSGSEND = YES;
				ENABLE_TESTABILITY = YES;
				GCC_C_LANGUAGE_STANDARD = gnu11;
				GCC_DYNAMIC_NO_PIC = NO;
				GCC_NO_COMMON_BLOCKS = YES;
				GCC_OPTIMIZATION_LEVEL = 0;
				GCC_PREPROCESSOR_DEFINITIONS = (
					"DEBUG=1",
					"$(inherited)",
				);
				GCC_WARN_64_TO_32_BIT_CONVERSION = YES;
				GCC_WARN_ABOUT_RETURN_TYPE = YES_ERROR;
				GCC_WARN_UNDECLARED_SELECTOR = YES;
				GCC_WARN_UNINITIALIZED_AUTOS = YES_AGGRESSIVE;
				GCC_WARN_UNUSED_FUNCTION = YES;
				GCC_WARN_UNUSED_VARIABLE = YES;
				IPHONEOS_DEPLOYMENT_TARGET = 14.4;
				MTL_ENABLE_DEBUG_INFO = INCLUDE_SOURCE;
				MTL_FAST_MATH = YES;
				ONLY_ACTIVE_ARCH = YES;
				SDKROOT = iphoneos;
				SWIFT_ACTIVE_COMPILATION_CONDITIONS = DEBUG;
				SWIFT_OPTIMIZATION_LEVEL = "-Onone";
			};
			name = Debug;
		};
		46515E5E266FF6A600202122 /* Release */ = {
			isa = XCBuildConfiguration;
			buildSettings = {
				ALWAYS_SEARCH_USER_PATHS = NO;
				CLANG_ANALYZER_NONNULL = YES;
				CLANG_ANALYZER_NUMBER_OBJECT_CONVERSION = YES_AGGRESSIVE;
				CLANG_CXX_LANGUAGE_STANDARD = "gnu++14";
				CLANG_CXX_LIBRARY = "libc++";
				CLANG_ENABLE_MODULES = YES;
				CLANG_ENABLE_OBJC_ARC = YES;
				CLANG_ENABLE_OBJC_WEAK = YES;
				CLANG_WARN_BLOCK_CAPTURE_AUTORELEASING = YES;
				CLANG_WARN_BOOL_CONVERSION = YES;
				CLANG_WARN_COMMA = YES;
				CLANG_WARN_CONSTANT_CONVERSION = YES;
				CLANG_WARN_DEPRECATED_OBJC_IMPLEMENTATIONS = YES;
				CLANG_WARN_DIRECT_OBJC_ISA_USAGE = YES_ERROR;
				CLANG_WARN_DOCUMENTATION_COMMENTS = YES;
				CLANG_WARN_EMPTY_BODY = YES;
				CLANG_WARN_ENUM_CONVERSION = YES;
				CLANG_WARN_INFINITE_RECURSION = YES;
				CLANG_WARN_INT_CONVERSION = YES;
				CLANG_WARN_NON_LITERAL_NULL_CONVERSION = YES;
				CLANG_WARN_OBJC_IMPLICIT_RETAIN_SELF = YES;
				CLANG_WARN_OBJC_LITERAL_CONVERSION = YES;
				CLANG_WARN_OBJC_ROOT_CLASS = YES_ERROR;
				CLANG_WARN_QUOTED_INCLUDE_IN_FRAMEWORK_HEADER = YES;
				CLANG_WARN_RANGE_LOOP_ANALYSIS = YES;
				CLANG_WARN_STRICT_PROTOTYPES = YES;
				CLANG_WARN_SUSPICIOUS_MOVE = YES;
				CLANG_WARN_UNGUARDED_AVAILABILITY = YES_AGGRESSIVE;
				CLANG_WARN_UNREACHABLE_CODE = YES;
				CLANG_WARN__DUPLICATE_METHOD_MATCH = YES;
				COPY_PHASE_STRIP = NO;
				DEBUG_INFORMATION_FORMAT = "dwarf-with-dsym";
				ENABLE_NS_ASSERTIONS = NO;
				ENABLE_STRICT_OBJC_MSGSEND = YES;
				GCC_C_LANGUAGE_STANDARD = gnu11;
				GCC_NO_COMMON_BLOCKS = YES;
				GCC_WARN_64_TO_32_BIT_CONVERSION = YES;
				GCC_WARN_ABOUT_RETURN_TYPE = YES_ERROR;
				GCC_WARN_UNDECLARED_SELECTOR = YES;
				GCC_WARN_UNINITIALIZED_AUTOS = YES_AGGRESSIVE;
				GCC_WARN_UNUSED_FUNCTION = YES;
				GCC_WARN_UNUSED_VARIABLE = YES;
				IPHONEOS_DEPLOYMENT_TARGET = 14.4;
				MTL_ENABLE_DEBUG_INFO = NO;
				MTL_FAST_MATH = YES;
				SDKROOT = iphoneos;
				SWIFT_COMPILATION_MODE = wholemodule;
				SWIFT_OPTIMIZATION_LEVEL = "-O";
				VALIDATE_PRODUCT = YES;
			};
			name = Release;
		};
		46515E60266FF6A600202122 /* Debug */ = {
			isa = XCBuildConfiguration;
			buildSettings = {
				ASSETCATALOG_COMPILER_APPICON_NAME = AppIcon;
				ASSETCATALOG_COMPILER_GLOBAL_ACCENT_COLOR_NAME = AccentColor;
				CODE_SIGN_STYLE = Automatic;
				INFOPLIST_FILE = ToDoApp/Info.plist;
				LD_RUNPATH_SEARCH_PATHS = (
					"$(inherited)",
					"@executable_path/Frameworks",
				);
				PRODUCT_BUNDLE_IDENTIFIER = com.test.ToDoApp;
				PRODUCT_NAME = "$(TARGET_NAME)";
				SWIFT_VERSION = 5.0;
				TARGETED_DEVICE_FAMILY = "1,2";
			};
			name = Debug;
		};
		46515E61266FF6A600202122 /* Release */ = {
			isa = XCBuildConfiguration;
			buildSettings = {
				ASSETCATALOG_COMPILER_APPICON_NAME = AppIcon;
				ASSETCATALOG_COMPILER_GLOBAL_ACCENT_COLOR_NAME = AccentColor;
				CODE_SIGN_STYLE = Automatic;
				INFOPLIST_FILE = ToDoApp/Info.plist;
				LD_RUNPATH_SEARCH_PATHS = (
					"$(inherited)",
					"@executable_path/Frameworks",
				);
				PRODUCT_BUNDLE_IDENTIFIER = com.test.ToDoApp;
				PRODUCT_NAME = "$(TARGET_NAME)";
				SWIFT_VERSION = 5.0;
				TARGETED_DEVICE_FAMILY = "1,2";
			};
			name = Release;
		};
/* End XCBuildConfiguration section */

/* Begin XCConfigurationList section */
		46515E43266FF6A500202122 /* Build configuration list for PBXProject "ToDoApp" */ = {
			isa = XCConfigurationList;
			buildConfigurations = (
				46515E5D266FF6A600202122 /* Debug */,
				46515E5E266FF6A600202122 /* Release */,
			);
			defaultConfigurationIsVisible = 0;
			defaultConfigurationName = Release;
		};
		46515E5F266FF6A600202122 /* Build configuration list for PBXNativeTarget "ToDoApp" */ = {
			isa = XCConfigurationList;
			buildConfigurations = (
				46515E60266FF6A600202122 /* Debug */,
				46515E61266FF6A600202122 /* Release */,
			);
			defaultConfigurationIsVisible = 0;
			defaultConfigurationName = Release;
		};
/* End XCConfigurationList section */

/* Begin XCVersionGroup section */
		46515E54266FF6A500202122 /* ToDoApp.xcdatamodeld */ = {
			isa = XCVersionGroup;
			children = (
				46515E55266FF6A500202122 /* ToDoApp.xcdatamodel */,
			);
			currentVersion = 46515E55266FF6A500202122 /* ToDoApp.xcdatamodel */;
			path = ToDoApp.xcdatamodeld;
			sourceTree = "<group>";
			versionGroupType = wrapper.xcdatamodel;
		};
/* End XCVersionGroup section */
	};
	rootObject = 46515E40266FF6A500202122 /* Project object */;
}
